
Microsoft Visual Studio Solution File, Format Version 12.00
# Visual Studio Version 17
VisualStudioVersion = 17.14.36119.2
MinimumVisualStudioVersion = 10.0.40219.1
Project("{2150E333-8FDC-42A3-9474-1A3956D46DE8}") = "src", "src", "{02EA681E-C7D8-13C7-8484-4AC65E1B71E8}"
EndProject
Project("{2150E333-8FDC-42A3-9474-1A3956D46DE8}") = "Core", "Core", "{14ED547A-F87E-4718-94B3-6D5F4B7E8285}"
EndProject
Project("{2150E333-8FDC-42A3-9474-1A3956D46DE8}") = "Infrastructure", "Infrastructure", "{BF53F27A-9BEA-434D-BDCA-B4ED04C343A7}"
EndProject
Project("{2150E333-8FDC-42A3-9474-1A3956D46DE8}") = "Presentation", "Presentation", "{4DA90D10-FB87-4A6D-A9C5-9D5ABCDEF207}"
EndProject
Project("{2150E333-8FDC-42A3-9474-1A3956D46DE8}") = "Frontend", "Frontend", "{07F59EE6-D116-4665-B5F1-17405F12C05B}"
EndProject
Project("{FAE04EC0-301F-11D3-BF4B-00C04F79EFBC}") = "Kutuphane.Application", "Core\Kutuphane.Application\Kutuphane.Application.csproj", "{77E1E6DB-BE9B-4D91-B721-3B98BEC58A5B}"
EndProject
Project("{FAE04EC0-301F-11D3-BF4B-00C04F79EFBC}") = "Kutuphane.Domain", "Core\Kutuphane.Domain\Kutuphane.Domain.csproj", "{2A6E98F5-8A61-4547-AFA3-B4A26089D65D}"
EndProject
Project("{FAE04EC0-301F-11D3-BF4B-00C04F79EFBC}") = "Kutuphane.Identity", "Infrastructure\Kutuphane.Identity\Kutuphane.Identity.csproj", "{A0C803FA-2502-44FD-9B52-8C6FD271AC8D}"
EndProject
Project("{FAE04EC0-301F-11D3-BF4B-00C04F79EFBC}") = "Kutuphane.Persistence", "Infrastructure\Kutuphane.Persistence\Kutuphane.Persistence.csproj", "{3F22DF9A-52D4-4D7C-BB93-13CCC94BEAFD}"
EndProject
Project("{FAE04EC0-301F-11D3-BF4B-00C04F79EFBC}") = "Kutuphane.WebUI", "Presentation\Kutuphane.WebUI\Kutuphane.WebUI.csproj", "{4724D9B0-4091-454A-A3E5-048E4E570E54}"
EndProject
Global
	GlobalSection(SolutionConfigurationPlatforms) = preSolution
		Debug|Any CPU = Debug|Any CPU
		Release|Any CPU = Release|Any CPU
	EndGlobalSection
	GlobalSection(ProjectConfigurationPlatforms) = postSolution
		{77E1E6DB-BE9B-4D91-B721-3B98BEC58A5B}.Debug|Any CPU.ActiveCfg = Debug|Any CPU
		{77E1E6DB-BE9B-4D91-B721-3B98BEC58A5B}.Debug|Any CPU.Build.0 = Debug|Any CPU
		{77E1E6DB-BE9B-4D91-B721-3B98BEC58A5B}.Release|Any CPU.ActiveCfg = Release|Any CPU
		{77E1E6DB-BE9B-4D91-B721-3B98BEC58A5B}.Release|Any CPU.Build.0 = Release|Any CPU
		{2A6E98F5-8A61-4547-AFA3-B4A26089D65D}.Debug|Any CPU.ActiveCfg = Debug|Any CPU
		{2A6E98F5-8A61-4547-AFA3-B4A26089D65D}.Debug|Any CPU.Build.0 = Debug|Any CPU
		{2A6E98F5-8A61-4547-AFA3-B4A26089D65D}.Release|Any CPU.ActiveCfg = Release|Any CPU
		{2A6E98F5-8A61-4547-AFA3-B4A26089D65D}.Release|Any CPU.Build.0 = Release|Any CPU
		{A0C803FA-2502-44FD-9B52-8C6FD271AC8D}.Debug|Any CPU.ActiveCfg = Debug|Any CPU
		{A0C803FA-2502-44FD-9B52-8C6FD271AC8D}.Debug|Any CPU.Build.0 = Debug|Any CPU
		{A0C803FA-2502-44FD-9B52-8C6FD271AC8D}.Release|Any CPU.ActiveCfg = Release|Any CPU
		{A0C803FA-2502-44FD-9B52-8C6FD271AC8D}.Release|Any CPU.Build.0 = Release|Any CPU
		{3F22DF9A-52D4-4D7C-BB93-13CCC94BEAFD}.Debug|Any CPU.ActiveCfg = Debug|Any CPU
		{3F22DF9A-52D4-4D7C-BB93-13CCC94BEAFD}.Debug|Any CPU.Build.0 = Debug|Any CPU
		{3F22DF9A-52D4-4D7C-BB93-13CCC94BEAFD}.Release|Any CPU.ActiveCfg = Release|Any CPU
		{3F22DF9A-52D4-4D7C-BB93-13CCC94BEAFD}.Release|Any CPU.Build.0 = Release|Any CPU
		{4724D9B0-4091-454A-A3E5-048E4E570E54}.Debug|Any CPU.ActiveCfg = Debug|Any CPU
		{4724D9B0-4091-454A-A3E5-048E4E570E54}.Debug|Any CPU.Build.0 = Debug|Any CPU
		{4724D9B0-4091-454A-A3E5-048E4E570E54}.Release|Any CPU.ActiveCfg = Release|Any CPU
		{4724D9B0-4091-454A-A3E5-048E4E570E54}.Release|Any CPU.Build.0 = Release|Any CPU
	EndGlobalSection
	GlobalSection(SolutionProperties) = preSolution
		HideSolutionNode = FALSE
	EndGlobalSection
	GlobalSection(NestedProjects) = preSolution
		{14ED547A-F87E-4718-94B3-6D5F4B7E8285} = {02EA681E-C7D8-13C7-8484-4AC65E1B71E8}
		{BF53F27A-9BEA-434D-BDCA-B4ED04C343A7} = {02EA681E-C7D8-13C7-8484-4AC65E1B71E8}
		{4DA90D10-FB87-4A6D-A9C5-9D5ABCDEF207} = {02EA681E-C7D8-13C7-8484-4AC65E1B71E8}
		{07F59EE6-D116-4665-B5F1-17405F12C05B} = {02EA681E-C7D8-13C7-8484-4AC65E1B71E8}
		{77E1E6DB-BE9B-4D91-B721-3B98BEC58A5B} = {14ED547A-F87E-4718-94B3-6D5F4B7E8285}
		{2A6E98F5-8A61-4547-AFA3-B4A26089D65D} = {14ED547A-F87E-4718-94B3-6D5F4B7E8285}
		{A0C803FA-2502-44FD-9B52-8C6FD271AC8D} = {BF53F27A-9BEA-434D-BDCA-B4ED04C343A7}
		{3F22DF9A-52D4-4D7C-BB93-13CCC94BEAFD} = {BF53F27A-9BEA-434D-BDCA-B4ED04C343A7}
		{4724D9B0-4091-454A-A3E5-048E4E570E54} = {4DA90D10-FB87-4A6D-A9C5-9D5ABCDEF207}
	EndGlobalSection
	GlobalSection(ExtensibilityGlobals) = postSolution
		SolutionGuid = {255C180A-3C48-4822-9498-25CE262F68D8}
	EndGlobalSection
EndGlobal
